
Microsoft Visual Studio Solution File, Format Version 12.00
Project("{FAE04EC0-301F-11D3-BF4B-00C04F79EFBC}") = "Store.Domain", "Store.Domain\Store.Domain.csproj", "{F2B31E09-EE7D-48F1-AA8D-68A5F974B259}"
EndProject
Project("{FAE04EC0-301F-11D3-BF4B-00C04F79EFBC}") = "Store.Application", "Store.Application\Store.Application.csproj", "{06F1D3E8-22CD-48A0-8988-0FA0B2A3FA5F}"
EndProject
Project("{FAE04EC0-301F-11D3-BF4B-00C04F79EFBC}") = "Store.Infrastructure", "Store.Infrastructure\Store.Infrastructure.csproj", "{873A4B17-EBDB-4401-B7BB-EC780C584F74}"
EndProject
Project("{FAE04EC0-301F-11D3-BF4B-00C04F79EFBC}") = "Store.Api", "Store.Api\Store.Api.csproj", "{69AA91F4-9370-4521-ACDA-468CE5D37E7A}"
EndProject
Global
	GlobalSection(SolutionConfigurationPlatforms) = preSolution
		Debug|Any CPU = Debug|Any CPU
		Release|Any CPU = Release|Any CPU
	EndGlobalSection
	GlobalSection(ProjectConfigurationPlatforms) = postSolution
		{F2B31E09-EE7D-48F1-AA8D-68A5F974B259}.Debug|Any CPU.ActiveCfg = Debug|Any CPU
		{F2B31E09-EE7D-48F1-AA8D-68A5F974B259}.Debug|Any CPU.Build.0 = Debug|Any CPU
		{F2B31E09-EE7D-48F1-AA8D-68A5F974B259}.Release|Any CPU.ActiveCfg = Release|Any CPU
		{F2B31E09-EE7D-48F1-AA8D-68A5F974B259}.Release|Any CPU.Build.0 = Release|Any CPU
		{06F1D3E8-22CD-48A0-8988-0FA0B2A3FA5F}.Debug|Any CPU.ActiveCfg = Debug|Any CPU
		{06F1D3E8-22CD-48A0-8988-0FA0B2A3FA5F}.Debug|Any CPU.Build.0 = Debug|Any CPU
		{06F1D3E8-22CD-48A0-8988-0FA0B2A3FA5F}.Release|Any CPU.ActiveCfg = Release|Any CPU
		{06F1D3E8-22CD-48A0-8988-0FA0B2A3FA5F}.Release|Any CPU.Build.0 = Release|Any CPU
		{873A4B17-EBDB-4401-B7BB-EC780C584F74}.Debug|Any CPU.ActiveCfg = Debug|Any CPU
		{873A4B17-EBDB-4401-B7BB-EC780C584F74}.Debug|Any CPU.Build.0 = Debug|Any CPU
		{873A4B17-EBDB-4401-B7BB-EC780C584F74}.Release|Any CPU.ActiveCfg = Release|Any CPU
		{873A4B17-EBDB-4401-B7BB-EC780C584F74}.Release|Any CPU.Build.0 = Release|Any CPU
		{69AA91F4-9370-4521-ACDA-468CE5D37E7A}.Debug|Any CPU.ActiveCfg = Debug|Any CPU
		{69AA91F4-9370-4521-ACDA-468CE5D37E7A}.Debug|Any CPU.Build.0 = Debug|Any CPU
		{69AA91F4-9370-4521-ACDA-468CE5D37E7A}.Release|Any CPU.ActiveCfg = Release|Any CPU
		{69AA91F4-9370-4521-ACDA-468CE5D37E7A}.Release|Any CPU.Build.0 = Release|Any CPU
	EndGlobalSection
EndGlobal
