
Microsoft Visual Studio Solution File, Format Version 12.00
Project("{2150E333-8FDC-42A3-9474-1A3956D46DE8}") = "Api", "Api", "{5E3B5AAD-C0F0-4FFA-B99E-B75635D20756}"
EndProject
Project("{FAE04EC0-301F-11D3-BF4B-00C04F79EFBC}") = "Store.Aplication", "Store.Aplication\Store.Aplication.csproj", "{98CC2E51-5823-4915-97BB-50532834DA74}"
EndProject
Project("{FAE04EC0-301F-11D3-BF4B-00C04F79EFBC}") = "Store.Domain", "Store.Domain\Store.Domain.csproj", "{9344DC29-23F2-400E-9ACD-D8734F2D71DF}"
EndProject
Project("{FAE04EC0-301F-11D3-BF4B-00C04F79EFBC}") = "Store.Infraestructure", "Store.Infraestructure\Store.Infraestructure.csproj", "{26C843AB-328C-44F0-845E-A5D547698954}"
EndProject
Project("{FAE04EC0-301F-11D3-BF4B-00C04F79EFBC}") = "Store.Api", "Store.Api\Store.Api.csproj", "{C9D281E5-769B-4A5D-B43D-EDA02FD4C140}"
EndProject
Global
	GlobalSection(SolutionConfigurationPlatforms) = preSolution
		Debug|Any CPU = Debug|Any CPU
		Release|Any CPU = Release|Any CPU
	EndGlobalSection
	GlobalSection(ProjectConfigurationPlatforms) = postSolution
		{98CC2E51-5823-4915-97BB-50532834DA74}.Debug|Any CPU.ActiveCfg = Debug|Any CPU
		{98CC2E51-5823-4915-97BB-50532834DA74}.Debug|Any CPU.Build.0 = Debug|Any CPU
		{98CC2E51-5823-4915-97BB-50532834DA74}.Release|Any CPU.ActiveCfg = Release|Any CPU
		{98CC2E51-5823-4915-97BB-50532834DA74}.Release|Any CPU.Build.0 = Release|Any CPU
		{9344DC29-23F2-400E-9ACD-D8734F2D71DF}.Debug|Any CPU.ActiveCfg = Debug|Any CPU
		{9344DC29-23F2-400E-9ACD-D8734F2D71DF}.Debug|Any CPU.Build.0 = Debug|Any CPU
		{9344DC29-23F2-400E-9ACD-D8734F2D71DF}.Release|Any CPU.ActiveCfg = Release|Any CPU
		{9344DC29-23F2-400E-9ACD-D8734F2D71DF}.Release|Any CPU.Build.0 = Release|Any CPU
		{26C843AB-328C-44F0-845E-A5D547698954}.Debug|Any CPU.ActiveCfg = Debug|Any CPU
		{26C843AB-328C-44F0-845E-A5D547698954}.Debug|Any CPU.Build.0 = Debug|Any CPU
		{26C843AB-328C-44F0-845E-A5D547698954}.Release|Any CPU.ActiveCfg = Release|Any CPU
		{26C843AB-328C-44F0-845E-A5D547698954}.Release|Any CPU.Build.0 = Release|Any CPU
		{C9D281E5-769B-4A5D-B43D-EDA02FD4C140}.Debug|Any CPU.ActiveCfg = Debug|Any CPU
		{C9D281E5-769B-4A5D-B43D-EDA02FD4C140}.Debug|Any CPU.Build.0 = Debug|Any CPU
		{C9D281E5-769B-4A5D-B43D-EDA02FD4C140}.Release|Any CPU.ActiveCfg = Release|Any CPU
		{C9D281E5-769B-4A5D-B43D-EDA02FD4C140}.Release|Any CPU.Build.0 = Release|Any CPU
	EndGlobalSection
	GlobalSection(NestedProjects) = preSolution
		{C9D281E5-769B-4A5D-B43D-EDA02FD4C140} = {5E3B5AAD-C0F0-4FFA-B99E-B75635D20756}
	EndGlobalSection
EndGlobal
